
Microsoft Visual Studio Solution File, Format Version 12.00
# Visual Studio Version 16
VisualStudioVersion = 16.0.31515.178
MinimumVisualStudioVersion = 10.0.40219.1
Project("{FAE04EC0-301F-11D3-BF4B-00C04F79EFBC}") = "EasyFly", "EasyFly.csproj", "{3061601F-9590-440D-99BB-69682BE7C3B9}"
EndProject
Global
	GlobalSection(SolutionConfigurationPlatforms) = preSolution
		Debug|Any CPU = Debug|Any CPU
		Release|Any CPU = Release|Any CPU
	EndGlobalSection
	GlobalSection(ProjectConfigurationPlatforms) = postSolution
		{3061601F-9590-440D-99BB-69682BE7C3B9}.Debug|Any CPU.ActiveCfg = Debug|Any CPU
		{3061601F-9590-440D-99BB-69682BE7C3B9}.Debug|Any CPU.Build.0 = Debug|Any CPU
		{3061601F-9590-440D-99BB-69682BE7C3B9}.Release|Any CPU.ActiveCfg = Release|Any CPU
		{3061601F-9590-440D-99BB-69682BE7C3B9}.Release|Any CPU.Build.0 = Release|Any CPU
	EndGlobalSection
	GlobalSection(SolutionProperties) = preSolution
		HideSolutionNode = FALSE
	EndGlobalSection
	GlobalSection(ExtensibilityGlobals) = postSolution
		SolutionGuid = {D527DE78-E042-49DF-947C-5CD9AF8FB9D3}
	EndGlobalSection
EndGlobal
